<?xml version="1.0" encoding="utf-8"?>
<Project ToolsVersion="4.0" xmlns="http://schemas.microsoft.com/developer/msbuild/2003">
  <ItemGroup>
    <ClCompile Include="..\KeyboardVisualizerCommon\chuck_fft.c" />
    <ClCompile Include="..\KeyboardVisualizerCommon\hsv.cpp" />
    <ClCompile Include="..\KeyboardVisualizerCommon\UsbDevice.cpp" />
    <ClCompile Include="..\KeyboardVisualizerCommon\Visualizer.cpp" />
    <ClCompile Include="main.cpp" />
    <ClCompile Include="KeyboardVisDlg.cpp" />
    <ClCompile Include="..\OpenAuraSDK\Controllers\AuraController\AuraController.cpp">
      <Filter>OpenAuraSDK</Filter>
    </ClCompile>
    <ClCompile Include="..\OpenAuraSDK\Controllers\AuraController\AuraControllerDetect.cpp">
      <Filter>OpenAuraSDK</Filter>
    </ClCompile>
    <ClCompile Include="..\OpenAuraSDK\Controllers\CorsairController\CorsairController.cpp">
      <Filter>OpenAuraSDK</Filter>
    </ClCompile>
    <ClCompile Include="..\OpenAuraSDK\Controllers\CorsairController\CorsairControllerDetect.cpp">
      <Filter>OpenAuraSDK</Filter>
    </ClCompile>
    <ClCompile Include="..\OpenAuraSDK\Controllers\CorsairProController\CorsairProController.cpp">
      <Filter>OpenAuraSDK</Filter>
    </ClCompile>
    <ClCompile Include="..\OpenAuraSDK\Controllers\CorsairProController\CorsairProControllerDetect.cpp">
      <Filter>OpenAuraSDK</Filter>
    </ClCompile>
    <ClCompile Include="..\OpenAuraSDK\Controllers\HyperXController\HyperXController.cpp">
      <Filter>OpenAuraSDK</Filter>
    </ClCompile>
    <ClCompile Include="..\OpenAuraSDK\Controllers\HyperXController\HyperXControllerDetect.cpp">
      <Filter>OpenAuraSDK</Filter>
    </ClCompile>
    <ClCompile Include="..\OpenAuraSDK\Controllers\LEDStripController\LEDStripController.cpp">
      <Filter>OpenAuraSDK</Filter>
    </ClCompile>
    <ClCompile Include="..\OpenAuraSDK\Controllers\LEDStripController\LEDStripControllerDetect.cpp">
      <Filter>OpenAuraSDK</Filter>
    </ClCompile>
    <ClCompile Include="..\OpenAuraSDK\i2c_smbus\i2c_smbus.cpp">
      <Filter>OpenAuraSDK</Filter>
    </ClCompile>
    <ClCompile Include="..\OpenAuraSDK\i2c_smbus\i2c_smbus_i801.cpp">
      <Filter>OpenAuraSDK</Filter>
    </ClCompile>
    <ClCompile Include="..\OpenAuraSDK\i2c_smbus\i2c_smbus_nct6775.cpp">
      <Filter>OpenAuraSDK</Filter>
    </ClCompile>
    <ClCompile Include="..\OpenAuraSDK\i2c_smbus\i2c_smbus_piix4.cpp">
      <Filter>OpenAuraSDK</Filter>
    </ClCompile>
    <ClCompile Include="..\OpenAuraSDK\RGBController\RGBController_AorusGPU.cpp">
      <Filter>OpenAuraSDK</Filter>
    </ClCompile>
    <ClCompile Include="..\OpenAuraSDK\RGBController\RGBController_Aura.cpp">
      <Filter>OpenAuraSDK</Filter>
    </ClCompile>
    <ClCompile Include="..\OpenAuraSDK\RGBController\RGBController_Corsair.cpp">
      <Filter>OpenAuraSDK</Filter>
    </ClCompile>
    <ClCompile Include="..\OpenAuraSDK\RGBController\RGBController_CorsairPro.cpp">
      <Filter>OpenAuraSDK</Filter>
    </ClCompile>
    <ClCompile Include="..\OpenAuraSDK\RGBController\RGBController_HyperX.cpp">
      <Filter>OpenAuraSDK</Filter>
    </ClCompile>
    <ClCompile Include="..\OpenAuraSDK\RGBController\RGBController_LEDStrip.cpp">
      <Filter>OpenAuraSDK</Filter>
    </ClCompile>
    <ClCompile Include="..\OpenAuraSDK\serial_port\serial_port.cpp">
      <Filter>OpenAuraSDK</Filter>
    </ClCompile>
    <ClCompile Include="..\OpenAuraSDK\wmi\wmi.cpp">
      <Filter>OpenAuraSDK</Filter>
    </ClCompile>
    <ClCompile Include="..\OpenAuraSDK\OpenAuraSDK.cpp">
      <Filter>OpenAuraSDK</Filter>
    </ClCompile>
    <ClCompile Include="..\OpenAuraSDK\net_port\net_port.cpp">
      <Filter>OpenAuraSDK</Filter>
    </ClCompile>
    <ClCompile Include="..\OpenAuraSDK\Controllers\HuePlusController\HuePlusController.cpp">
      <Filter>OpenAuraSDK</Filter>
    </ClCompile>
    <ClCompile Include="..\OpenAuraSDK\Controllers\HuePlusController\HuePlusControllerDetect.cpp">
      <Filter>OpenAuraSDK</Filter>
    </ClCompile>
    <ClCompile Include="..\OpenAuraSDK\RGBController\RazerChromaSDKDetect.cpp">
      <Filter>OpenAuraSDK</Filter>
    </ClCompile>
    <ClCompile Include="..\OpenAuraSDK\RGBController\RGBController_HuePlus.cpp">
      <Filter>OpenAuraSDK</Filter>
    </ClCompile>
    <ClCompile Include="..\OpenAuraSDK\RGBController\RGBController_RazerChromaSDK.cpp">
      <Filter>OpenAuraSDK</Filter>
    </ClCompile>
  </ItemGroup>
  <ItemGroup>
    <ClInclude Include="..\KeyboardVisualizerCommon\chuck_fft.h" />
    <ClInclude Include="..\KeyboardVisualizerCommon\hsv.h" />
    <ClInclude Include="..\KeyboardVisualizerCommon\net_port.h" />
    <ClInclude Include="..\KeyboardVisualizerCommon\UsbDevice.h" />
    <ClInclude Include="..\KeyboardVisualizerCommon\Visualizer.h" />
    <ClInclude Include="..\KeyboardVisualizerCommon\VisualizerDefines.h" />
    <ClInclude Include="KeyboardVisDlg.h" />
    <ClInclude Include="resource.h" />
  </ItemGroup>
  <ItemGroup>
    <ResourceCompile Include="Resource.rc" />
  </ItemGroup>
  <ItemGroup>
    <Image Include="icon.ico" />
    <Image Include="Icon.png" />
  </ItemGroup>
  <ItemGroup>
    <Filter Include="OpenAuraSDK">
      <UniqueIdentifier>{99a114f6-e60c-43f2-a323-c79be1594f45}</UniqueIdentifier>
    </Filter>
  </ItemGroup>
</Project>